
Microsoft Visual Studio Solution File, Format Version 12.00
# Visual Studio Version 17
VisualStudioVersion = 17.0.32014.148
MinimumVisualStudioVersion = 10.0.40219.1
Project("{FAE04EC0-301F-11D3-BF4B-00C04F79EFBC}") = "CSharpRunner", "ConsoleApp2\CSharpRunner.csproj", "{7B0F4DD0-E0F8-430C-85B8-07BC64D4D334}"
EndProject
Project("{FAE04EC0-301F-11D3-BF4B-00C04F79EFBC}") = "ClassLibrary1", "ClassLibrary1\ClassLibrary1.csproj", "{7053BC19-7B5B-4344-8292-6192E3D3F831}"
EndProject
Project("{FAE04EC0-301F-11D3-BF4B-00C04F79EFBC}") = "GetProcess", "GetProcess\GetProcess.csproj", "{DFAE5D6F-0643-43EE-8253-3F31E3327B46}"
EndProject
Project("{FAE04EC0-301F-11D3-BF4B-00C04F79EFBC}") = "Inject2", "Inject2\Inject2.csproj", "{DA0E5FE9-2758-4E42-8A15-CE837E4FD43D}"
EndProject
Project("{FAE04EC0-301F-11D3-BF4B-00C04F79EFBC}") = "DLLInject", "DLLInject\DLLInject.csproj", "{FA941AB8-61E2-4361-9EF8-C7381215DE07}"
EndProject
Project("{FAE04EC0-301F-11D3-BF4B-00C04F79EFBC}") = "Hollow", "Hollow\Hollow.csproj", "{1C3C1B63-54AD-4300-AF3B-346836B6688E}"
EndProject
Project("{FAE04EC0-301F-11D3-BF4B-00C04F79EFBC}") = "EncryptRunnerCeasar", "EncryptRunner\EncryptRunnerCeasar.csproj", "{EA266099-DB1C-411F-AD2E-72E567C6380C}"
EndProject
Project("{FAE04EC0-301F-11D3-BF4B-00C04F79EFBC}") = "EncryptRunnerXOR", "XOREncrypt\EncryptRunnerXOR.csproj", "{AFD852A3-EC44-4B74-B536-3163013EBBE4}"
EndProject
Project("{FAE04EC0-301F-11D3-BF4B-00C04F79EFBC}") = "XorDecryptTest", "XorDecryptTest\XorDecryptTest.csproj", "{7EAAA024-9887-4569-94DF-9154F62AD89A}"
EndProject
Project("{FAE04EC0-301F-11D3-BF4B-00C04F79EFBC}") = "XorShellBuild", "XorShellBuild\XorShellBuild.csproj", "{6D1FFE9F-5B05-4E9D-8FE4-09AB9EF7635E}"
EndProject
Project("{FAE04EC0-301F-11D3-BF4B-00C04F79EFBC}") = "SleepwithXORShell", "SleepwithXORShell\SleepwithXORShell.csproj", "{19B65645-597F-42F0-8049-A065122F3DB4}"
EndProject
Project("{FAE04EC0-301F-11D3-BF4B-00C04F79EFBC}") = "SleepXorNumaShell", "SleepXorNumaShell\SleepXorNumaShell.csproj", "{173274A9-F07E-4791-BAB4-DD2146102F6E}"
EndProject
Project("{FAE04EC0-301F-11D3-BF4B-00C04F79EFBC}") = "FlsAlloc", "FlsAlloc\FlsAlloc.csproj", "{861DE8D5-004C-426A-83E4-32727DCC2A24}"
EndProject
Project("{FAE04EC0-301F-11D3-BF4B-00C04F79EFBC}") = "VBACeasarEncode", "VBACeasarEncode\VBACeasarEncode.csproj", "{DAF9529B-9ACE-40D4-883E-F18E09B8B465}"
EndProject
Project("{FAE04EC0-301F-11D3-BF4B-00C04F79EFBC}") = "HollowXorShell", "HollowXorShell\HollowXorShell.csproj", "{07C110A9-2D8E-446C-ADAB-06FDC12490FE}"
EndProject
Project("{FAE04EC0-301F-11D3-BF4B-00C04F79EFBC}") = "PowershellCLMBypass", "PowershellCLMBypass\PowershellCLMBypass.csproj", "{49C9B9AA-7E94-493F-ACD5-6476D31E746A}"
EndProject
Project("{FAE04EC0-301F-11D3-BF4B-00C04F79EFBC}") = "CLMBypassUninstallUtil", "CLMBypassUninstallUtil\CLMBypassUninstallUtil.csproj", "{4841EB15-816A-4B2E-B054-CC2990A033B2}"
EndProject
Project("{FAE04EC0-301F-11D3-BF4B-00C04F79EFBC}") = "PrintSpoolerClient", "PrintSpoolerClient\PrintSpoolerClient.csproj", "{C5C1DFAF-CB61-4BB6-8E99-6DB8EB2566D7}"
EndProject
Project("{FAE04EC0-301F-11D3-BF4B-00C04F79EFBC}") = "MiniDump", "MiniDump\MiniDump.csproj", "{250E2C6A-ED61-4AA3-B2B7-48175A7EC81F}"
EndProject
Project("{FAE04EC0-301F-11D3-BF4B-00C04F79EFBC}") = "RDPKeyLog", "RDPKeyLog\RDPKeyLog.csproj", "{A30337FB-4697-498F-A65B-582BF25A42DD}"
EndProject
Project("{FAE04EC0-301F-11D3-BF4B-00C04F79EFBC}") = "SqlConn", "SqlConn\SqlConn.csproj", "{E7262F29-A6BF-4C38-82A1-73789A783CED}"
EndProject
Project("{FAE04EC0-301F-11D3-BF4B-00C04F79EFBC}") = "SqlRelay", "SqlRelay\SqlRelay.csproj", "{6C09A08D-1B8E-43E4-B60F-81B360076D0E}"
EndProject
Project("{FAE04EC0-301F-11D3-BF4B-00C04F79EFBC}") = "SqlImpEnum", "SqlImpEnum\SqlImpEnum.csproj", "{0A5FAF8B-675F-4190-9D71-1B32816D8DEF}"
EndProject
Project("{FAE04EC0-301F-11D3-BF4B-00C04F79EFBC}") = "SqlCmdExec", "SqlCmdExec\SqlCmdExec.csproj", "{E882E828-1E9E-40E2-B4DE-456F2DA70CDD}"
EndProject
Project("{FAE04EC0-301F-11D3-BF4B-00C04F79EFBC}") = "SqlDLLCmdExec", "SqlDLLCmdExec\SqlDLLCmdExec.csproj", "{B321749D-EDA0-4BC9-B1A4-9DBE358F0A77}"
EndProject
Project("{FAE04EC0-301F-11D3-BF4B-00C04F79EFBC}") = "SqlDLLImport", "SqlDLLImport\SqlDLLImport.csproj", "{C40406FA-C6DB-464B-902C-85B06AF606C3}"
EndProject
Project("{FAE04EC0-301F-11D3-BF4B-00C04F79EFBC}") = "SqlCleanup", "SqlCleanup\SqlCleanup.csproj", "{20277C73-AFE6-4802-BF81-E592A305FA0D}"
EndProject
Project("{FAE04EC0-301F-11D3-BF4B-00C04F79EFBC}") = "SqlLinkEnum", "SqlLinkEnum\SqlLinkEnum.csproj", "{D01C19C8-EF26-458D-9FE9-826078966E54}"
EndProject
Project("{FAE04EC0-301F-11D3-BF4B-00C04F79EFBC}") = "SqlRevLink", "SqlRevLink\SqlRevLink.csproj", "{D39B70F1-DFE5-4BAB-B0E2-5E22DC3B6C4E}"
EndProject
Project("{FAE04EC0-301F-11D3-BF4B-00C04F79EFBC}") = "PrintSpooferPrivEsc", "PrintSpooferPrivEsc\PrintSpooferPrivEsc.csproj", "{FD375E07-59AD-4E86-A0F3-3134925EF4F8}"
EndProject
Project("{FAE04EC0-301F-11D3-BF4B-00C04F79EFBC}") = "SpoolSrvInject", "SpoolSrvInject\SpoolSrvInject.csproj", "{119DD875-E65F-4431-85F2-A7564ACA005A}"
EndProject
Project("{FAE04EC0-301F-11D3-BF4B-00C04F79EFBC}") = "Lat", "Lat\Lat.csproj", "{73E7B335-3ED5-4755-B6F4-A5DE276EADD0}"
EndProject
Project("{FAE04EC0-301F-11D3-BF4B-00C04F79EFBC}") = "CLMBypass", "CLMBypass\CLMBypass.csproj", "{2E8F31EA-D56E-47FA-8E6E-FF571B582BFD}"
EndProject
Project("{FAE04EC0-301F-11D3-BF4B-00C04F79EFBC}") = "CaesarShell", "CaesarShell\CaesarShell.csproj", "{19DF17AE-B3BD-4E27-A237-4755812DE03D}"
EndProject
Project("{FAE04EC0-301F-11D3-BF4B-00C04F79EFBC}") = "TestPayload", "TestPayload\TestPayload.csproj", "{2F392493-DB50-4663-8A58-4DD96DFDF4F7}"
EndProject
Project("{FAE04EC0-301F-11D3-BF4B-00C04F79EFBC}") = "VBAXOREncode", "VBAXOREncode\VBAXOREncode.csproj", "{F8827AED-CBAF-4B3B-A4DD-4119FE59E7F4}"
EndProject
Global
	GlobalSection(SolutionConfigurationPlatforms) = preSolution
		Debug|Any CPU = Debug|Any CPU
		Debug|x64 = Debug|x64
		Release|Any CPU = Release|Any CPU
		Release|x64 = Release|x64
	EndGlobalSection
	GlobalSection(ProjectConfigurationPlatforms) = postSolution
		{7B0F4DD0-E0F8-430C-85B8-07BC64D4D334}.Debug|Any CPU.ActiveCfg = Debug|Any CPU
		{7B0F4DD0-E0F8-430C-85B8-07BC64D4D334}.Debug|Any CPU.Build.0 = Debug|Any CPU
		{7B0F4DD0-E0F8-430C-85B8-07BC64D4D334}.Debug|x64.ActiveCfg = Debug|x64
		{7B0F4DD0-E0F8-430C-85B8-07BC64D4D334}.Debug|x64.Build.0 = Debug|x64
		{7B0F4DD0-E0F8-430C-85B8-07BC64D4D334}.Release|Any CPU.ActiveCfg = Release|Any CPU
		{7B0F4DD0-E0F8-430C-85B8-07BC64D4D334}.Release|Any CPU.Build.0 = Release|Any CPU
		{7B0F4DD0-E0F8-430C-85B8-07BC64D4D334}.Release|x64.ActiveCfg = Release|x64
		{7B0F4DD0-E0F8-430C-85B8-07BC64D4D334}.Release|x64.Build.0 = Release|x64
		{7053BC19-7B5B-4344-8292-6192E3D3F831}.Debug|Any CPU.ActiveCfg = Debug|Any CPU
		{7053BC19-7B5B-4344-8292-6192E3D3F831}.Debug|Any CPU.Build.0 = Debug|Any CPU
		{7053BC19-7B5B-4344-8292-6192E3D3F831}.Debug|x64.ActiveCfg = Debug|Any CPU
		{7053BC19-7B5B-4344-8292-6192E3D3F831}.Debug|x64.Build.0 = Debug|Any CPU
		{7053BC19-7B5B-4344-8292-6192E3D3F831}.Release|Any CPU.ActiveCfg = Release|Any CPU
		{7053BC19-7B5B-4344-8292-6192E3D3F831}.Release|Any CPU.Build.0 = Release|Any CPU
		{7053BC19-7B5B-4344-8292-6192E3D3F831}.Release|x64.ActiveCfg = Release|Any CPU
		{7053BC19-7B5B-4344-8292-6192E3D3F831}.Release|x64.Build.0 = Release|Any CPU
		{DFAE5D6F-0643-43EE-8253-3F31E3327B46}.Debug|Any CPU.ActiveCfg = Debug|Any CPU
		{DFAE5D6F-0643-43EE-8253-3F31E3327B46}.Debug|Any CPU.Build.0 = Debug|Any CPU
		{DFAE5D6F-0643-43EE-8253-3F31E3327B46}.Debug|x64.ActiveCfg = Debug|Any CPU
		{DFAE5D6F-0643-43EE-8253-3F31E3327B46}.Debug|x64.Build.0 = Debug|Any CPU
		{DFAE5D6F-0643-43EE-8253-3F31E3327B46}.Release|Any CPU.ActiveCfg = Release|Any CPU
		{DFAE5D6F-0643-43EE-8253-3F31E3327B46}.Release|Any CPU.Build.0 = Release|Any CPU
		{DFAE5D6F-0643-43EE-8253-3F31E3327B46}.Release|x64.ActiveCfg = Release|x64
		{DFAE5D6F-0643-43EE-8253-3F31E3327B46}.Release|x64.Build.0 = Release|x64
		{DA0E5FE9-2758-4E42-8A15-CE837E4FD43D}.Debug|Any CPU.ActiveCfg = Debug|Any CPU
		{DA0E5FE9-2758-4E42-8A15-CE837E4FD43D}.Debug|Any CPU.Build.0 = Debug|Any CPU
		{DA0E5FE9-2758-4E42-8A15-CE837E4FD43D}.Debug|x64.ActiveCfg = Debug|Any CPU
		{DA0E5FE9-2758-4E42-8A15-CE837E4FD43D}.Debug|x64.Build.0 = Debug|Any CPU
		{DA0E5FE9-2758-4E42-8A15-CE837E4FD43D}.Release|Any CPU.ActiveCfg = Release|Any CPU
		{DA0E5FE9-2758-4E42-8A15-CE837E4FD43D}.Release|Any CPU.Build.0 = Release|Any CPU
		{DA0E5FE9-2758-4E42-8A15-CE837E4FD43D}.Release|x64.ActiveCfg = Release|x64
		{DA0E5FE9-2758-4E42-8A15-CE837E4FD43D}.Release|x64.Build.0 = Release|x64
		{FA941AB8-61E2-4361-9EF8-C7381215DE07}.Debug|Any CPU.ActiveCfg = Debug|Any CPU
		{FA941AB8-61E2-4361-9EF8-C7381215DE07}.Debug|Any CPU.Build.0 = Debug|Any CPU
		{FA941AB8-61E2-4361-9EF8-C7381215DE07}.Debug|x64.ActiveCfg = Debug|Any CPU
		{FA941AB8-61E2-4361-9EF8-C7381215DE07}.Debug|x64.Build.0 = Debug|Any CPU
		{FA941AB8-61E2-4361-9EF8-C7381215DE07}.Release|Any CPU.ActiveCfg = Release|Any CPU
		{FA941AB8-61E2-4361-9EF8-C7381215DE07}.Release|Any CPU.Build.0 = Release|Any CPU
		{FA941AB8-61E2-4361-9EF8-C7381215DE07}.Release|x64.ActiveCfg = Release|x64
		{FA941AB8-61E2-4361-9EF8-C7381215DE07}.Release|x64.Build.0 = Release|x64
		{1C3C1B63-54AD-4300-AF3B-346836B6688E}.Debug|Any CPU.ActiveCfg = Debug|Any CPU
		{1C3C1B63-54AD-4300-AF3B-346836B6688E}.Debug|Any CPU.Build.0 = Debug|Any CPU
		{1C3C1B63-54AD-4300-AF3B-346836B6688E}.Debug|x64.ActiveCfg = Debug|Any CPU
		{1C3C1B63-54AD-4300-AF3B-346836B6688E}.Debug|x64.Build.0 = Debug|Any CPU
		{1C3C1B63-54AD-4300-AF3B-346836B6688E}.Release|Any CPU.ActiveCfg = Release|Any CPU
		{1C3C1B63-54AD-4300-AF3B-346836B6688E}.Release|Any CPU.Build.0 = Release|Any CPU
		{1C3C1B63-54AD-4300-AF3B-346836B6688E}.Release|x64.ActiveCfg = Release|x64
		{1C3C1B63-54AD-4300-AF3B-346836B6688E}.Release|x64.Build.0 = Release|x64
		{EA266099-DB1C-411F-AD2E-72E567C6380C}.Debug|Any CPU.ActiveCfg = Debug|Any CPU
		{EA266099-DB1C-411F-AD2E-72E567C6380C}.Debug|Any CPU.Build.0 = Debug|Any CPU
		{EA266099-DB1C-411F-AD2E-72E567C6380C}.Debug|x64.ActiveCfg = Debug|Any CPU
		{EA266099-DB1C-411F-AD2E-72E567C6380C}.Debug|x64.Build.0 = Debug|Any CPU
		{EA266099-DB1C-411F-AD2E-72E567C6380C}.Release|Any CPU.ActiveCfg = Release|Any CPU
		{EA266099-DB1C-411F-AD2E-72E567C6380C}.Release|Any CPU.Build.0 = Release|Any CPU
		{EA266099-DB1C-411F-AD2E-72E567C6380C}.Release|x64.ActiveCfg = Release|x64
		{EA266099-DB1C-411F-AD2E-72E567C6380C}.Release|x64.Build.0 = Release|x64
		{AFD852A3-EC44-4B74-B536-3163013EBBE4}.Debug|Any CPU.ActiveCfg = Debug|Any CPU
		{AFD852A3-EC44-4B74-B536-3163013EBBE4}.Debug|Any CPU.Build.0 = Debug|Any CPU
		{AFD852A3-EC44-4B74-B536-3163013EBBE4}.Debug|x64.ActiveCfg = Debug|Any CPU
		{AFD852A3-EC44-4B74-B536-3163013EBBE4}.Debug|x64.Build.0 = Debug|Any CPU
		{AFD852A3-EC44-4B74-B536-3163013EBBE4}.Release|Any CPU.ActiveCfg = Release|Any CPU
		{AFD852A3-EC44-4B74-B536-3163013EBBE4}.Release|Any CPU.Build.0 = Release|Any CPU
		{AFD852A3-EC44-4B74-B536-3163013EBBE4}.Release|x64.ActiveCfg = Release|x64
		{AFD852A3-EC44-4B74-B536-3163013EBBE4}.Release|x64.Build.0 = Release|x64
		{7EAAA024-9887-4569-94DF-9154F62AD89A}.Debug|Any CPU.ActiveCfg = Debug|Any CPU
		{7EAAA024-9887-4569-94DF-9154F62AD89A}.Debug|Any CPU.Build.0 = Debug|Any CPU
		{7EAAA024-9887-4569-94DF-9154F62AD89A}.Debug|x64.ActiveCfg = Debug|Any CPU
		{7EAAA024-9887-4569-94DF-9154F62AD89A}.Debug|x64.Build.0 = Debug|Any CPU
		{7EAAA024-9887-4569-94DF-9154F62AD89A}.Release|Any CPU.ActiveCfg = Release|Any CPU
		{7EAAA024-9887-4569-94DF-9154F62AD89A}.Release|Any CPU.Build.0 = Release|Any CPU
		{7EAAA024-9887-4569-94DF-9154F62AD89A}.Release|x64.ActiveCfg = Release|x64
		{7EAAA024-9887-4569-94DF-9154F62AD89A}.Release|x64.Build.0 = Release|x64
		{6D1FFE9F-5B05-4E9D-8FE4-09AB9EF7635E}.Debug|Any CPU.ActiveCfg = Debug|Any CPU
		{6D1FFE9F-5B05-4E9D-8FE4-09AB9EF7635E}.Debug|Any CPU.Build.0 = Debug|Any CPU
		{6D1FFE9F-5B05-4E9D-8FE4-09AB9EF7635E}.Debug|x64.ActiveCfg = Debug|Any CPU
		{6D1FFE9F-5B05-4E9D-8FE4-09AB9EF7635E}.Debug|x64.Build.0 = Debug|Any CPU
		{6D1FFE9F-5B05-4E9D-8FE4-09AB9EF7635E}.Release|Any CPU.ActiveCfg = Release|Any CPU
		{6D1FFE9F-5B05-4E9D-8FE4-09AB9EF7635E}.Release|Any CPU.Build.0 = Release|Any CPU
		{6D1FFE9F-5B05-4E9D-8FE4-09AB9EF7635E}.Release|x64.ActiveCfg = Release|x64
		{6D1FFE9F-5B05-4E9D-8FE4-09AB9EF7635E}.Release|x64.Build.0 = Release|x64
		{19B65645-597F-42F0-8049-A065122F3DB4}.Debug|Any CPU.ActiveCfg = Debug|Any CPU
		{19B65645-597F-42F0-8049-A065122F3DB4}.Debug|Any CPU.Build.0 = Debug|Any CPU
		{19B65645-597F-42F0-8049-A065122F3DB4}.Debug|x64.ActiveCfg = Debug|Any CPU
		{19B65645-597F-42F0-8049-A065122F3DB4}.Debug|x64.Build.0 = Debug|Any CPU
		{19B65645-597F-42F0-8049-A065122F3DB4}.Release|Any CPU.ActiveCfg = Release|Any CPU
		{19B65645-597F-42F0-8049-A065122F3DB4}.Release|Any CPU.Build.0 = Release|Any CPU
		{19B65645-597F-42F0-8049-A065122F3DB4}.Release|x64.ActiveCfg = Release|x64
		{19B65645-597F-42F0-8049-A065122F3DB4}.Release|x64.Build.0 = Release|x64
		{173274A9-F07E-4791-BAB4-DD2146102F6E}.Debug|Any CPU.ActiveCfg = Debug|Any CPU
		{173274A9-F07E-4791-BAB4-DD2146102F6E}.Debug|Any CPU.Build.0 = Debug|Any CPU
		{173274A9-F07E-4791-BAB4-DD2146102F6E}.Debug|x64.ActiveCfg = Debug|Any CPU
		{173274A9-F07E-4791-BAB4-DD2146102F6E}.Debug|x64.Build.0 = Debug|Any CPU
		{173274A9-F07E-4791-BAB4-DD2146102F6E}.Release|Any CPU.ActiveCfg = Release|Any CPU
		{173274A9-F07E-4791-BAB4-DD2146102F6E}.Release|Any CPU.Build.0 = Release|Any CPU
		{173274A9-F07E-4791-BAB4-DD2146102F6E}.Release|x64.ActiveCfg = Release|x64
		{173274A9-F07E-4791-BAB4-DD2146102F6E}.Release|x64.Build.0 = Release|x64
		{861DE8D5-004C-426A-83E4-32727DCC2A24}.Debug|Any CPU.ActiveCfg = Debug|Any CPU
		{861DE8D5-004C-426A-83E4-32727DCC2A24}.Debug|Any CPU.Build.0 = Debug|Any CPU
		{861DE8D5-004C-426A-83E4-32727DCC2A24}.Debug|x64.ActiveCfg = Debug|Any CPU
		{861DE8D5-004C-426A-83E4-32727DCC2A24}.Debug|x64.Build.0 = Debug|Any CPU
		{861DE8D5-004C-426A-83E4-32727DCC2A24}.Release|Any CPU.ActiveCfg = Release|Any CPU
		{861DE8D5-004C-426A-83E4-32727DCC2A24}.Release|Any CPU.Build.0 = Release|Any CPU
		{861DE8D5-004C-426A-83E4-32727DCC2A24}.Release|x64.ActiveCfg = Release|x64
		{861DE8D5-004C-426A-83E4-32727DCC2A24}.Release|x64.Build.0 = Release|x64
		{DAF9529B-9ACE-40D4-883E-F18E09B8B465}.Debug|Any CPU.ActiveCfg = Debug|Any CPU
		{DAF9529B-9ACE-40D4-883E-F18E09B8B465}.Debug|Any CPU.Build.0 = Debug|Any CPU
		{DAF9529B-9ACE-40D4-883E-F18E09B8B465}.Debug|x64.ActiveCfg = Debug|Any CPU
		{DAF9529B-9ACE-40D4-883E-F18E09B8B465}.Debug|x64.Build.0 = Debug|Any CPU
		{DAF9529B-9ACE-40D4-883E-F18E09B8B465}.Release|Any CPU.ActiveCfg = Release|Any CPU
		{DAF9529B-9ACE-40D4-883E-F18E09B8B465}.Release|Any CPU.Build.0 = Release|Any CPU
		{DAF9529B-9ACE-40D4-883E-F18E09B8B465}.Release|x64.ActiveCfg = Release|x64
		{DAF9529B-9ACE-40D4-883E-F18E09B8B465}.Release|x64.Build.0 = Release|x64
		{07C110A9-2D8E-446C-ADAB-06FDC12490FE}.Debug|Any CPU.ActiveCfg = Debug|Any CPU
		{07C110A9-2D8E-446C-ADAB-06FDC12490FE}.Debug|Any CPU.Build.0 = Debug|Any CPU
		{07C110A9-2D8E-446C-ADAB-06FDC12490FE}.Debug|x64.ActiveCfg = Debug|Any CPU
		{07C110A9-2D8E-446C-ADAB-06FDC12490FE}.Debug|x64.Build.0 = Debug|Any CPU
		{07C110A9-2D8E-446C-ADAB-06FDC12490FE}.Release|Any CPU.ActiveCfg = Release|Any CPU
		{07C110A9-2D8E-446C-ADAB-06FDC12490FE}.Release|Any CPU.Build.0 = Release|Any CPU
		{07C110A9-2D8E-446C-ADAB-06FDC12490FE}.Release|x64.ActiveCfg = Release|x64
		{07C110A9-2D8E-446C-ADAB-06FDC12490FE}.Release|x64.Build.0 = Release|x64
		{49C9B9AA-7E94-493F-ACD5-6476D31E746A}.Debug|Any CPU.ActiveCfg = Debug|Any CPU
		{49C9B9AA-7E94-493F-ACD5-6476D31E746A}.Debug|Any CPU.Build.0 = Debug|Any CPU
		{49C9B9AA-7E94-493F-ACD5-6476D31E746A}.Debug|x64.ActiveCfg = Debug|Any CPU
		{49C9B9AA-7E94-493F-ACD5-6476D31E746A}.Debug|x64.Build.0 = Debug|Any CPU
		{49C9B9AA-7E94-493F-ACD5-6476D31E746A}.Release|Any CPU.ActiveCfg = Release|Any CPU
		{49C9B9AA-7E94-493F-ACD5-6476D31E746A}.Release|Any CPU.Build.0 = Release|Any CPU
		{49C9B9AA-7E94-493F-ACD5-6476D31E746A}.Release|x64.ActiveCfg = Release|x64
		{49C9B9AA-7E94-493F-ACD5-6476D31E746A}.Release|x64.Build.0 = Release|x64
		{4841EB15-816A-4B2E-B054-CC2990A033B2}.Debug|Any CPU.ActiveCfg = Debug|Any CPU
		{4841EB15-816A-4B2E-B054-CC2990A033B2}.Debug|Any CPU.Build.0 = Debug|Any CPU
		{4841EB15-816A-4B2E-B054-CC2990A033B2}.Debug|x64.ActiveCfg = Debug|Any CPU
		{4841EB15-816A-4B2E-B054-CC2990A033B2}.Debug|x64.Build.0 = Debug|Any CPU
		{4841EB15-816A-4B2E-B054-CC2990A033B2}.Release|Any CPU.ActiveCfg = Release|Any CPU
		{4841EB15-816A-4B2E-B054-CC2990A033B2}.Release|Any CPU.Build.0 = Release|Any CPU
		{4841EB15-816A-4B2E-B054-CC2990A033B2}.Release|x64.ActiveCfg = Release|x64
		{4841EB15-816A-4B2E-B054-CC2990A033B2}.Release|x64.Build.0 = Release|x64
		{C5C1DFAF-CB61-4BB6-8E99-6DB8EB2566D7}.Debug|Any CPU.ActiveCfg = Debug|Any CPU
		{C5C1DFAF-CB61-4BB6-8E99-6DB8EB2566D7}.Debug|Any CPU.Build.0 = Debug|Any CPU
		{C5C1DFAF-CB61-4BB6-8E99-6DB8EB2566D7}.Debug|x64.ActiveCfg = Debug|Any CPU
		{C5C1DFAF-CB61-4BB6-8E99-6DB8EB2566D7}.Debug|x64.Build.0 = Debug|Any CPU
		{C5C1DFAF-CB61-4BB6-8E99-6DB8EB2566D7}.Release|Any CPU.ActiveCfg = Release|Any CPU
		{C5C1DFAF-CB61-4BB6-8E99-6DB8EB2566D7}.Release|Any CPU.Build.0 = Release|Any CPU
		{C5C1DFAF-CB61-4BB6-8E99-6DB8EB2566D7}.Release|x64.ActiveCfg = Release|x64
		{C5C1DFAF-CB61-4BB6-8E99-6DB8EB2566D7}.Release|x64.Build.0 = Release|x64
		{250E2C6A-ED61-4AA3-B2B7-48175A7EC81F}.Debug|Any CPU.ActiveCfg = Debug|Any CPU
		{250E2C6A-ED61-4AA3-B2B7-48175A7EC81F}.Debug|Any CPU.Build.0 = Debug|Any CPU
		{250E2C6A-ED61-4AA3-B2B7-48175A7EC81F}.Debug|x64.ActiveCfg = Debug|Any CPU
		{250E2C6A-ED61-4AA3-B2B7-48175A7EC81F}.Debug|x64.Build.0 = Debug|Any CPU
		{250E2C6A-ED61-4AA3-B2B7-48175A7EC81F}.Release|Any CPU.ActiveCfg = Release|Any CPU
		{250E2C6A-ED61-4AA3-B2B7-48175A7EC81F}.Release|Any CPU.Build.0 = Release|Any CPU
		{250E2C6A-ED61-4AA3-B2B7-48175A7EC81F}.Release|x64.ActiveCfg = Release|x64
		{250E2C6A-ED61-4AA3-B2B7-48175A7EC81F}.Release|x64.Build.0 = Release|x64
		{A30337FB-4697-498F-A65B-582BF25A42DD}.Debug|Any CPU.ActiveCfg = Debug|Any CPU
		{A30337FB-4697-498F-A65B-582BF25A42DD}.Debug|Any CPU.Build.0 = Debug|Any CPU
		{A30337FB-4697-498F-A65B-582BF25A42DD}.Debug|x64.ActiveCfg = Debug|Any CPU
		{A30337FB-4697-498F-A65B-582BF25A42DD}.Debug|x64.Build.0 = Debug|Any CPU
		{A30337FB-4697-498F-A65B-582BF25A42DD}.Release|Any CPU.ActiveCfg = Release|Any CPU
		{A30337FB-4697-498F-A65B-582BF25A42DD}.Release|Any CPU.Build.0 = Release|Any CPU
		{A30337FB-4697-498F-A65B-582BF25A42DD}.Release|x64.ActiveCfg = Release|x64
		{A30337FB-4697-498F-A65B-582BF25A42DD}.Release|x64.Build.0 = Release|x64
		{E7262F29-A6BF-4C38-82A1-73789A783CED}.Debug|Any CPU.ActiveCfg = Debug|Any CPU
		{E7262F29-A6BF-4C38-82A1-73789A783CED}.Debug|Any CPU.Build.0 = Debug|Any CPU
		{E7262F29-A6BF-4C38-82A1-73789A783CED}.Debug|x64.ActiveCfg = Debug|Any CPU
		{E7262F29-A6BF-4C38-82A1-73789A783CED}.Debug|x64.Build.0 = Debug|Any CPU
		{E7262F29-A6BF-4C38-82A1-73789A783CED}.Release|Any CPU.ActiveCfg = Release|Any CPU
		{E7262F29-A6BF-4C38-82A1-73789A783CED}.Release|Any CPU.Build.0 = Release|Any CPU
		{E7262F29-A6BF-4C38-82A1-73789A783CED}.Release|x64.ActiveCfg = Release|x64
		{E7262F29-A6BF-4C38-82A1-73789A783CED}.Release|x64.Build.0 = Release|x64
		{6C09A08D-1B8E-43E4-B60F-81B360076D0E}.Debug|Any CPU.ActiveCfg = Debug|Any CPU
		{6C09A08D-1B8E-43E4-B60F-81B360076D0E}.Debug|Any CPU.Build.0 = Debug|Any CPU
		{6C09A08D-1B8E-43E4-B60F-81B360076D0E}.Debug|x64.ActiveCfg = Debug|Any CPU
		{6C09A08D-1B8E-43E4-B60F-81B360076D0E}.Debug|x64.Build.0 = Debug|Any CPU
		{6C09A08D-1B8E-43E4-B60F-81B360076D0E}.Release|Any CPU.ActiveCfg = Release|Any CPU
		{6C09A08D-1B8E-43E4-B60F-81B360076D0E}.Release|Any CPU.Build.0 = Release|Any CPU
		{6C09A08D-1B8E-43E4-B60F-81B360076D0E}.Release|x64.ActiveCfg = Release|x64
		{6C09A08D-1B8E-43E4-B60F-81B360076D0E}.Release|x64.Build.0 = Release|x64
		{0A5FAF8B-675F-4190-9D71-1B32816D8DEF}.Debug|Any CPU.ActiveCfg = Debug|Any CPU
		{0A5FAF8B-675F-4190-9D71-1B32816D8DEF}.Debug|Any CPU.Build.0 = Debug|Any CPU
		{0A5FAF8B-675F-4190-9D71-1B32816D8DEF}.Debug|x64.ActiveCfg = Debug|Any CPU
		{0A5FAF8B-675F-4190-9D71-1B32816D8DEF}.Debug|x64.Build.0 = Debug|Any CPU
		{0A5FAF8B-675F-4190-9D71-1B32816D8DEF}.Release|Any CPU.ActiveCfg = Release|Any CPU
		{0A5FAF8B-675F-4190-9D71-1B32816D8DEF}.Release|Any CPU.Build.0 = Release|Any CPU
		{0A5FAF8B-675F-4190-9D71-1B32816D8DEF}.Release|x64.ActiveCfg = Release|x64
		{0A5FAF8B-675F-4190-9D71-1B32816D8DEF}.Release|x64.Build.0 = Release|x64
		{E882E828-1E9E-40E2-B4DE-456F2DA70CDD}.Debug|Any CPU.ActiveCfg = Debug|Any CPU
		{E882E828-1E9E-40E2-B4DE-456F2DA70CDD}.Debug|Any CPU.Build.0 = Debug|Any CPU
		{E882E828-1E9E-40E2-B4DE-456F2DA70CDD}.Debug|x64.ActiveCfg = Debug|Any CPU
		{E882E828-1E9E-40E2-B4DE-456F2DA70CDD}.Debug|x64.Build.0 = Debug|Any CPU
		{E882E828-1E9E-40E2-B4DE-456F2DA70CDD}.Release|Any CPU.ActiveCfg = Release|Any CPU
		{E882E828-1E9E-40E2-B4DE-456F2DA70CDD}.Release|Any CPU.Build.0 = Release|Any CPU
		{E882E828-1E9E-40E2-B4DE-456F2DA70CDD}.Release|x64.ActiveCfg = Release|x64
		{E882E828-1E9E-40E2-B4DE-456F2DA70CDD}.Release|x64.Build.0 = Release|x64
		{B321749D-EDA0-4BC9-B1A4-9DBE358F0A77}.Debug|Any CPU.ActiveCfg = Debug|Any CPU
		{B321749D-EDA0-4BC9-B1A4-9DBE358F0A77}.Debug|Any CPU.Build.0 = Debug|Any CPU
		{B321749D-EDA0-4BC9-B1A4-9DBE358F0A77}.Debug|x64.ActiveCfg = Debug|Any CPU
		{B321749D-EDA0-4BC9-B1A4-9DBE358F0A77}.Debug|x64.Build.0 = Debug|Any CPU
		{B321749D-EDA0-4BC9-B1A4-9DBE358F0A77}.Release|Any CPU.ActiveCfg = Release|Any CPU
		{B321749D-EDA0-4BC9-B1A4-9DBE358F0A77}.Release|Any CPU.Build.0 = Release|Any CPU
		{B321749D-EDA0-4BC9-B1A4-9DBE358F0A77}.Release|x64.ActiveCfg = Release|x64
		{B321749D-EDA0-4BC9-B1A4-9DBE358F0A77}.Release|x64.Build.0 = Release|x64
		{C40406FA-C6DB-464B-902C-85B06AF606C3}.Debug|Any CPU.ActiveCfg = Debug|Any CPU
		{C40406FA-C6DB-464B-902C-85B06AF606C3}.Debug|Any CPU.Build.0 = Debug|Any CPU
		{C40406FA-C6DB-464B-902C-85B06AF606C3}.Debug|x64.ActiveCfg = Debug|Any CPU
		{C40406FA-C6DB-464B-902C-85B06AF606C3}.Debug|x64.Build.0 = Debug|Any CPU
		{C40406FA-C6DB-464B-902C-85B06AF606C3}.Release|Any CPU.ActiveCfg = Release|Any CPU
		{C40406FA-C6DB-464B-902C-85B06AF606C3}.Release|Any CPU.Build.0 = Release|Any CPU
		{C40406FA-C6DB-464B-902C-85B06AF606C3}.Release|x64.ActiveCfg = Release|x64
		{C40406FA-C6DB-464B-902C-85B06AF606C3}.Release|x64.Build.0 = Release|x64
		{20277C73-AFE6-4802-BF81-E592A305FA0D}.Debug|Any CPU.ActiveCfg = Debug|Any CPU
		{20277C73-AFE6-4802-BF81-E592A305FA0D}.Debug|Any CPU.Build.0 = Debug|Any CPU
		{20277C73-AFE6-4802-BF81-E592A305FA0D}.Debug|x64.ActiveCfg = Debug|Any CPU
		{20277C73-AFE6-4802-BF81-E592A305FA0D}.Debug|x64.Build.0 = Debug|Any CPU
		{20277C73-AFE6-4802-BF81-E592A305FA0D}.Release|Any CPU.ActiveCfg = Release|Any CPU
		{20277C73-AFE6-4802-BF81-E592A305FA0D}.Release|Any CPU.Build.0 = Release|Any CPU
		{20277C73-AFE6-4802-BF81-E592A305FA0D}.Release|x64.ActiveCfg = Release|x64
		{20277C73-AFE6-4802-BF81-E592A305FA0D}.Release|x64.Build.0 = Release|x64
		{D01C19C8-EF26-458D-9FE9-826078966E54}.Debug|Any CPU.ActiveCfg = Debug|Any CPU
		{D01C19C8-EF26-458D-9FE9-826078966E54}.Debug|Any CPU.Build.0 = Debug|Any CPU
		{D01C19C8-EF26-458D-9FE9-826078966E54}.Debug|x64.ActiveCfg = Debug|Any CPU
		{D01C19C8-EF26-458D-9FE9-826078966E54}.Debug|x64.Build.0 = Debug|Any CPU
		{D01C19C8-EF26-458D-9FE9-826078966E54}.Release|Any CPU.ActiveCfg = Release|Any CPU
		{D01C19C8-EF26-458D-9FE9-826078966E54}.Release|Any CPU.Build.0 = Release|Any CPU
		{D01C19C8-EF26-458D-9FE9-826078966E54}.Release|x64.ActiveCfg = Release|x64
		{D01C19C8-EF26-458D-9FE9-826078966E54}.Release|x64.Build.0 = Release|x64
		{D39B70F1-DFE5-4BAB-B0E2-5E22DC3B6C4E}.Debug|Any CPU.ActiveCfg = Debug|Any CPU
		{D39B70F1-DFE5-4BAB-B0E2-5E22DC3B6C4E}.Debug|Any CPU.Build.0 = Debug|Any CPU
		{D39B70F1-DFE5-4BAB-B0E2-5E22DC3B6C4E}.Debug|x64.ActiveCfg = Debug|Any CPU
		{D39B70F1-DFE5-4BAB-B0E2-5E22DC3B6C4E}.Debug|x64.Build.0 = Debug|Any CPU
		{D39B70F1-DFE5-4BAB-B0E2-5E22DC3B6C4E}.Release|Any CPU.ActiveCfg = Release|Any CPU
		{D39B70F1-DFE5-4BAB-B0E2-5E22DC3B6C4E}.Release|Any CPU.Build.0 = Release|Any CPU
		{D39B70F1-DFE5-4BAB-B0E2-5E22DC3B6C4E}.Release|x64.ActiveCfg = Release|x64
		{D39B70F1-DFE5-4BAB-B0E2-5E22DC3B6C4E}.Release|x64.Build.0 = Release|x64
		{FD375E07-59AD-4E86-A0F3-3134925EF4F8}.Debug|Any CPU.ActiveCfg = Debug|Any CPU
		{FD375E07-59AD-4E86-A0F3-3134925EF4F8}.Debug|Any CPU.Build.0 = Debug|Any CPU
		{FD375E07-59AD-4E86-A0F3-3134925EF4F8}.Debug|x64.ActiveCfg = Debug|Any CPU
		{FD375E07-59AD-4E86-A0F3-3134925EF4F8}.Debug|x64.Build.0 = Debug|Any CPU
		{FD375E07-59AD-4E86-A0F3-3134925EF4F8}.Release|Any CPU.ActiveCfg = Release|Any CPU
		{FD375E07-59AD-4E86-A0F3-3134925EF4F8}.Release|Any CPU.Build.0 = Release|Any CPU
		{FD375E07-59AD-4E86-A0F3-3134925EF4F8}.Release|x64.ActiveCfg = Release|x64
		{FD375E07-59AD-4E86-A0F3-3134925EF4F8}.Release|x64.Build.0 = Release|x64
		{119DD875-E65F-4431-85F2-A7564ACA005A}.Debug|Any CPU.ActiveCfg = Debug|Any CPU
		{119DD875-E65F-4431-85F2-A7564ACA005A}.Debug|Any CPU.Build.0 = Debug|Any CPU
		{119DD875-E65F-4431-85F2-A7564ACA005A}.Debug|x64.ActiveCfg = Debug|Any CPU
		{119DD875-E65F-4431-85F2-A7564ACA005A}.Debug|x64.Build.0 = Debug|Any CPU
		{119DD875-E65F-4431-85F2-A7564ACA005A}.Release|Any CPU.ActiveCfg = Release|Any CPU
		{119DD875-E65F-4431-85F2-A7564ACA005A}.Release|Any CPU.Build.0 = Release|Any CPU
		{119DD875-E65F-4431-85F2-A7564ACA005A}.Release|x64.ActiveCfg = Release|x64
		{119DD875-E65F-4431-85F2-A7564ACA005A}.Release|x64.Build.0 = Release|x64
		{73E7B335-3ED5-4755-B6F4-A5DE276EADD0}.Debug|Any CPU.ActiveCfg = Debug|Any CPU
		{73E7B335-3ED5-4755-B6F4-A5DE276EADD0}.Debug|Any CPU.Build.0 = Debug|Any CPU
		{73E7B335-3ED5-4755-B6F4-A5DE276EADD0}.Debug|x64.ActiveCfg = Debug|Any CPU
		{73E7B335-3ED5-4755-B6F4-A5DE276EADD0}.Debug|x64.Build.0 = Debug|Any CPU
		{73E7B335-3ED5-4755-B6F4-A5DE276EADD0}.Release|Any CPU.ActiveCfg = Release|Any CPU
		{73E7B335-3ED5-4755-B6F4-A5DE276EADD0}.Release|Any CPU.Build.0 = Release|Any CPU
		{73E7B335-3ED5-4755-B6F4-A5DE276EADD0}.Release|x64.ActiveCfg = Release|x64
		{73E7B335-3ED5-4755-B6F4-A5DE276EADD0}.Release|x64.Build.0 = Release|x64
		{2E8F31EA-D56E-47FA-8E6E-FF571B582BFD}.Debug|Any CPU.ActiveCfg = Debug|Any CPU
		{2E8F31EA-D56E-47FA-8E6E-FF571B582BFD}.Debug|Any CPU.Build.0 = Debug|Any CPU
		{2E8F31EA-D56E-47FA-8E6E-FF571B582BFD}.Debug|x64.ActiveCfg = Debug|Any CPU
		{2E8F31EA-D56E-47FA-8E6E-FF571B582BFD}.Debug|x64.Build.0 = Debug|Any CPU
		{2E8F31EA-D56E-47FA-8E6E-FF571B582BFD}.Release|Any CPU.ActiveCfg = Release|Any CPU
		{2E8F31EA-D56E-47FA-8E6E-FF571B582BFD}.Release|Any CPU.Build.0 = Release|Any CPU
		{2E8F31EA-D56E-47FA-8E6E-FF571B582BFD}.Release|x64.ActiveCfg = Release|x64
		{2E8F31EA-D56E-47FA-8E6E-FF571B582BFD}.Release|x64.Build.0 = Release|x64
		{19DF17AE-B3BD-4E27-A237-4755812DE03D}.Debug|Any CPU.ActiveCfg = Debug|Any CPU
		{19DF17AE-B3BD-4E27-A237-4755812DE03D}.Debug|Any CPU.Build.0 = Debug|Any CPU
		{19DF17AE-B3BD-4E27-A237-4755812DE03D}.Debug|x64.ActiveCfg = Debug|Any CPU
		{19DF17AE-B3BD-4E27-A237-4755812DE03D}.Debug|x64.Build.0 = Debug|Any CPU
		{19DF17AE-B3BD-4E27-A237-4755812DE03D}.Release|Any CPU.ActiveCfg = Release|Any CPU
		{19DF17AE-B3BD-4E27-A237-4755812DE03D}.Release|Any CPU.Build.0 = Release|Any CPU
		{19DF17AE-B3BD-4E27-A237-4755812DE03D}.Release|x64.ActiveCfg = Release|x64
		{19DF17AE-B3BD-4E27-A237-4755812DE03D}.Release|x64.Build.0 = Release|x64
		{2F392493-DB50-4663-8A58-4DD96DFDF4F7}.Debug|Any CPU.ActiveCfg = Debug|Any CPU
		{2F392493-DB50-4663-8A58-4DD96DFDF4F7}.Debug|Any CPU.Build.0 = Debug|Any CPU
		{2F392493-DB50-4663-8A58-4DD96DFDF4F7}.Debug|x64.ActiveCfg = Debug|Any CPU
		{2F392493-DB50-4663-8A58-4DD96DFDF4F7}.Debug|x64.Build.0 = Debug|Any CPU
		{2F392493-DB50-4663-8A58-4DD96DFDF4F7}.Release|Any CPU.ActiveCfg = Release|Any CPU
		{2F392493-DB50-4663-8A58-4DD96DFDF4F7}.Release|Any CPU.Build.0 = Release|Any CPU
		{2F392493-DB50-4663-8A58-4DD96DFDF4F7}.Release|x64.ActiveCfg = Release|x64
		{2F392493-DB50-4663-8A58-4DD96DFDF4F7}.Release|x64.Build.0 = Release|x64
		{F8827AED-CBAF-4B3B-A4DD-4119FE59E7F4}.Debug|Any CPU.ActiveCfg = Debug|Any CPU
		{F8827AED-CBAF-4B3B-A4DD-4119FE59E7F4}.Debug|Any CPU.Build.0 = Debug|Any CPU
		{F8827AED-CBAF-4B3B-A4DD-4119FE59E7F4}.Debug|x64.ActiveCfg = Debug|Any CPU
		{F8827AED-CBAF-4B3B-A4DD-4119FE59E7F4}.Debug|x64.Build.0 = Debug|Any CPU
		{F8827AED-CBAF-4B3B-A4DD-4119FE59E7F4}.Release|Any CPU.ActiveCfg = Release|Any CPU
		{F8827AED-CBAF-4B3B-A4DD-4119FE59E7F4}.Release|Any CPU.Build.0 = Release|Any CPU
		{F8827AED-CBAF-4B3B-A4DD-4119FE59E7F4}.Release|x64.ActiveCfg = Release|x64
		{F8827AED-CBAF-4B3B-A4DD-4119FE59E7F4}.Release|x64.Build.0 = Release|x64
	EndGlobalSection
	GlobalSection(SolutionProperties) = preSolution
		HideSolutionNode = FALSE
	EndGlobalSection
	GlobalSection(ExtensibilityGlobals) = postSolution
		SolutionGuid = {E52C79BF-DD67-4CBD-971D-B71FB5534880}
	EndGlobalSection
EndGlobal
